
Microsoft Visual Studio Solution File, Format Version 12.00
# Blend for Visual Studio 14
VisualStudioVersion = 14.0.25420.1
MinimumVisualStudioVersion = 10.0.40219.1
Project("{FAE04EC0-301F-11D3-BF4B-00C04F79EFBC}") = "Cindeck", "Cindeck\Cindeck.csproj", "{1DB6BA69-3E0F-41C5-9CDE-C2DEA058CD96}"
EndProject
Project("{FAE04EC0-301F-11D3-BF4B-00C04F79EFBC}") = "Cindeck.Core", "Cindeck.Core\Cindeck.Core.csproj", "{04D20C67-36BF-4268-935F-5E7CD8076EF3}"
EndProject
Project("{FAE04EC0-301F-11D3-BF4B-00C04F79EFBC}") = "Cindeck.Core.Tests", "Cindeck.Core.Tests\Cindeck.Core.Tests.csproj", "{216DB9C1-812F-4F94-9B2A-B50A9A5B1EC2}"
EndProject
Global
	GlobalSection(SolutionConfigurationPlatforms) = preSolution
		Debug|Any CPU = Debug|Any CPU
		Release|Any CPU = Release|Any CPU
	EndGlobalSection
	GlobalSection(ProjectConfigurationPlatforms) = postSolution
		{1DB6BA69-3E0F-41C5-9CDE-C2DEA058CD96}.Debug|Any CPU.ActiveCfg = Debug|Any CPU
		{1DB6BA69-3E0F-41C5-9CDE-C2DEA058CD96}.Debug|Any CPU.Build.0 = Debug|Any CPU
		{1DB6BA69-3E0F-41C5-9CDE-C2DEA058CD96}.Release|Any CPU.ActiveCfg = Release|Any CPU
		{1DB6BA69-3E0F-41C5-9CDE-C2DEA058CD96}.Release|Any CPU.Build.0 = Release|Any CPU
		{04D20C67-36BF-4268-935F-5E7CD8076EF3}.Debug|Any CPU.ActiveCfg = Debug|Any CPU
		{04D20C67-36BF-4268-935F-5E7CD8076EF3}.Debug|Any CPU.Build.0 = Debug|Any CPU
		{04D20C67-36BF-4268-935F-5E7CD8076EF3}.Release|Any CPU.ActiveCfg = Release|Any CPU
		{04D20C67-36BF-4268-935F-5E7CD8076EF3}.Release|Any CPU.Build.0 = Release|Any CPU
		{216DB9C1-812F-4F94-9B2A-B50A9A5B1EC2}.Debug|Any CPU.ActiveCfg = Debug|Any CPU
		{216DB9C1-812F-4F94-9B2A-B50A9A5B1EC2}.Debug|Any CPU.Build.0 = Debug|Any CPU
		{216DB9C1-812F-4F94-9B2A-B50A9A5B1EC2}.Release|Any CPU.ActiveCfg = Release|Any CPU
		{216DB9C1-812F-4F94-9B2A-B50A9A5B1EC2}.Release|Any CPU.Build.0 = Release|Any CPU
	EndGlobalSection
	GlobalSection(SolutionProperties) = preSolution
		HideSolutionNode = FALSE
	EndGlobalSection
EndGlobal
